// !$*UTF8*$!
{
	archiveVersion = 1;
	classes = {
	};
	objectVersion = 50;
	objects = {

/* Begin PBXBuildFile section */
		9766FB2D233CC968004DAA89 /* AppDelegate.swift in Sources */ = {isa = PBXBuildFile; fileRef = 9766FB2C233CC968004DAA89 /* AppDelegate.swift */; };
		9766FB2F233CC968004DAA89 /* MyUITableViewController.swift in Sources */ = {isa = PBXBuildFile; fileRef = 9766FB2E233CC968004DAA89 /* MyUITableViewController.swift */; };
		9766FB32233CC968004DAA89 /* Main.storyboard in Resources */ = {isa = PBXBuildFile; fileRef = 9766FB30233CC968004DAA89 /* Main.storyboard */; };
		9766FB34233CC969004DAA89 /* Assets.xcassets in Resources */ = {isa = PBXBuildFile; fileRef = 9766FB33233CC969004DAA89 /* Assets.xcassets */; };
		9766FB37233CC969004DAA89 /* LaunchScreen.storyboard in Resources */ = {isa = PBXBuildFile; fileRef = 9766FB35233CC969004DAA89 /* LaunchScreen.storyboard */; };
		9766FB40233CD074004DAA89 /* readme.md in Resources */ = {isa = PBXBuildFile; fileRef = 9766FB3F233CD074004DAA89 /* readme.md */; };
		9766FB42233CDB2E004DAA89 /* CellViewController.swift in Sources */ = {isa = PBXBuildFile; fileRef = 9766FB41233CDB2E004DAA89 /* CellViewController.swift */; };
		9766FB4E233D9A2B004DAA89 /* MyUITableViewCell.swift in Sources */ = {isa = PBXBuildFile; fileRef = 9766FB4D233D9A2B004DAA89 /* MyUITableViewCell.swift */; };
		9766FB50233D9FF3004DAA89 /* RefreshViewController.swift in Sources */ = {isa = PBXBuildFile; fileRef = 9766FB4F233D9FF3004DAA89 /* RefreshViewController.swift */; };
		9766FB52233DA080004DAA89 /* ConnectViewController.swift in Sources */ = {isa = PBXBuildFile; fileRef = 9766FB51233DA080004DAA89 /* ConnectViewController.swift */; };
/* End PBXBuildFile section */

/* Begin PBXFileReference section */
		9766FB29233CC968004DAA89 /* MyUITableView.app */ = {isa = PBXFileReference; explicitFileType = wrapper.application; includeInIndex = 0; path = MyUITableView.app; sourceTree = BUILT_PRODUCTS_DIR; };
		9766FB2C233CC968004DAA89 /* AppDelegate.swift */ = {isa = PBXFileReference; lastKnownFileType = sourcecode.swift; path = AppDelegate.swift; sourceTree = "<group>"; };
		9766FB2E233CC968004DAA89 /* MyUITableViewController.swift */ = {isa = PBXFileReference; lastKnownFileType = sourcecode.swift; path = MyUITableViewController.swift; sourceTree = "<group>"; };
		9766FB31233CC968004DAA89 /* Base */ = {isa = PBXFileReference; lastKnownFileType = file.storyboard; name = Base; path = Base.lproj/Main.storyboard; sourceTree = "<group>"; };
		9766FB33233CC969004DAA89 /* Assets.xcassets */ = {isa = PBXFileReference; lastKnownFileType = folder.assetcatalog; path = Assets.xcassets; sourceTree = "<group>"; };
		9766FB36233CC969004DAA89 /* Base */ = {isa = PBXFileReference; lastKnownFileType = file.storyboard; name = Base; path = Base.lproj/LaunchScreen.storyboard; sourceTree = "<group>"; };
		9766FB38233CC969004DAA89 /* Info.plist */ = {isa = PBXFileReference; lastKnownFileType = text.plist.xml; path = Info.plist; sourceTree = "<group>"; };
		9766FB3F233CD074004DAA89 /* readme.md */ = {isa = PBXFileReference; fileEncoding = 4; lastKnownFileType = net.daringfireball.markdown; path = readme.md; sourceTree = "<group>"; };
		9766FB41233CDB2E004DAA89 /* CellViewController.swift */ = {isa = PBXFileReference; lastKnownFileType = sourcecode.swift; path = CellViewController.swift; sourceTree = "<group>"; };
		9766FB4D233D9A2B004DAA89 /* MyUITableViewCell.swift */ = {isa = PBXFileReference; fileEncoding = 4; lastKnownFileType = sourcecode.swift; path = MyUITableViewCell.swift; sourceTree = "<group>"; };
		9766FB4F233D9FF3004DAA89 /* RefreshViewController.swift */ = {isa = PBXFileReference; lastKnownFileType = sourcecode.swift; path = RefreshViewController.swift; sourceTree = "<group>"; };
		9766FB51233DA080004DAA89 /* ConnectViewController.swift */ = {isa = PBXFileReference; lastKnownFileType = sourcecode.swift; path = ConnectViewController.swift; sourceTree = "<group>"; };
/* End PBXFileReference section */

/* Begin PBXFrameworksBuildPhase section */
		9766FB26233CC968004DAA89 /* Frameworks */ = {
			isa = PBXFrameworksBuildPhase;
			buildActionMask = 2147483647;
			files = (
			);
			runOnlyForDeploymentPostprocessing = 0;
		};
/* End PBXFrameworksBuildPhase section */

/* Begin PBXGroup section */
		9766FB20233CC968004DAA89 = {
			isa = PBXGroup;
			children = (
				9766FB3F233CD074004DAA89 /* readme.md */,
				9766FB2B233CC968004DAA89 /* MyUITableView */,
				9766FB2A233CC968004DAA89 /* Products */,
			);
			sourceTree = "<group>";
		};
		9766FB2A233CC968004DAA89 /* Products */ = {
			isa = PBXGroup;
			children = (
				9766FB29233CC968004DAA89 /* MyUITableView.app */,
			);
			name = Products;
			sourceTree = "<group>";
		};
		9766FB2B233CC968004DAA89 /* MyUITableView */ = {
			isa = PBXGroup;
			children = (
				9766FB2C233CC968004DAA89 /* AppDelegate.swift */,
				9766FB2E233CC968004DAA89 /* MyUITableViewController.swift */,
				9766FB41233CDB2E004DAA89 /* CellViewController.swift */,
				9766FB51233DA080004DAA89 /* ConnectViewController.swift */,
				9766FB4F233D9FF3004DAA89 /* RefreshViewController.swift */,
				9766FB4D233D9A2B004DAA89 /* MyUITableViewCell.swift */,
				9766FB3E233CC982004DAA89 /* SupportFiles */,
				9766FB38233CC969004DAA89 /* Info.plist */,
				9766FB33233CC969004DAA89 /* Assets.xcassets */,
			);
			path = MyUITableView;
			sourceTree = "<group>";
		};
		9766FB3E233CC982004DAA89 /* SupportFiles */ = {
			isa = PBXGroup;
			children = (
				9766FB30233CC968004DAA89 /* Main.storyboard */,
				9766FB35233CC969004DAA89 /* LaunchScreen.storyboard */,
			);
			path = SupportFiles;
			sourceTree = "<group>";
		};
/* End PBXGroup section */

/* Begin PBXNativeTarget section */
		9766FB28233CC968004DAA89 /* MyUITableView */ = {
			isa = PBXNativeTarget;
			buildConfigurationList = 9766FB3B233CC969004DAA89 /* Build configuration list for PBXNativeTarget "MyUITableView" */;
			buildPhases = (
				9766FB25233CC968004DAA89 /* Sources */,
				9766FB26233CC968004DAA89 /* Frameworks */,
				9766FB27233CC968004DAA89 /* Resources */,
			);
			buildRules = (
			);
			dependencies = (
			);
			name = MyUITableView;
			productName = MyUITableView;
			productReference = 9766FB29233CC968004DAA89 /* MyUITableView.app */;
			productType = "com.apple.product-type.application";
		};
/* End PBXNativeTarget section */

/* Begin PBXProject section */
		9766FB21233CC968004DAA89 /* Project object */ = {
			isa = PBXProject;
			attributes = {
				LastSwiftUpdateCheck = 1010;
				LastUpgradeCheck = 1010;
				ORGANIZATIONNAME = ZWT;
				TargetAttributes = {
					9766FB28233CC968004DAA89 = {
						CreatedOnToolsVersion = 10.1;
					};
				};
			};
			buildConfigurationList = 9766FB24233CC968004DAA89 /* Build configuration list for PBXProject "MyUITableView" */;
			compatibilityVersion = "Xcode 9.3";
			developmentRegion = en;
			hasScannedForEncodings = 0;
			knownRegions = (
				en,
				Base,
			);
			mainGroup = 9766FB20233CC968004DAA89;
			productRefGroup = 9766FB2A233CC968004DAA89 /* Products */;
			projectDirPath = "";
			projectRoot = "";
			targets = (
				9766FB28233CC968004DAA89 /* MyUITableView */,
			);
		};
/* End PBXProject section */

/* Begin PBXResourcesBuildPhase section */
		9766FB27233CC968004DAA89 /* Resources */ = {
			isa = PBXResourcesBuildPhase;
			buildActionMask = 2147483647;
			files = (
				9766FB37233CC969004DAA89 /* LaunchScreen.storyboard in Resources */,
				9766FB34233CC969004DAA89 /* Assets.xcassets in Resources */,
				9766FB40233CD074004DAA89 /* readme.md in Resources */,
				9766FB32233CC968004DAA89 /* Main.storyboard in Resources */,
			);
			runOnlyForDeploymentPostprocessing = 0;
		};
/* End PBXResourcesBuildPhase section */

/* Begin PBXSourcesBuildPhase section */
		9766FB25233CC968004DAA89 /* Sources */ = {
			isa = PBXSourcesBuildPhase;
			buildActionMask = 2147483647;
			files = (
				9766FB50233D9FF3004DAA89 /* RefreshViewController.swift in Sources */,
				9766FB42233CDB2E004DAA89 /* CellViewController.swift in Sources */,
				9766FB4E233D9A2B004DAA89 /* MyUITableViewCell.swift in Sources */,
				9766FB52233DA080004DAA89 /* ConnectViewController.swift in Sources */,
				9766FB2F233CC968004DAA89 /* MyUITableViewController.swift in Sources */,
				9766FB2D233CC968004DAA89 /* AppDelegate.swift in Sources */,
			);
			runOnlyForDeploymentPostprocessing = 0;
		};
/* End PBXSourcesBuildPhase section */

/* Begin PBXVariantGroup section */
		9766FB30233CC968004DAA89 /* Main.storyboard */ = {
			isa = PBXVariantGroup;
			children = (
				9766FB31233CC968004DAA89 /* Base */,
			);
			name = Main.storyboard;
			sourceTree = "<group>";
		};
		9766FB35233CC969004DAA89 /* LaunchScreen.storyboard */ = {
			isa = PBXVariantGroup;
			children = (
				9766FB36233CC969004DAA89 /* Base */,
			);
			name = LaunchScreen.storyboard;
			sourceTree = "<group>";
		};
/* End PBXVariantGroup section */

/* Begin XCBuildConfiguration section */
		9766FB39233CC969004DAA89 /* Debug */ = {
			isa = XCBuildConfiguration;
			buildSettings = {
				ALWAYS_SEARCH_USER_PATHS = NO;
				CLANG_ANALYZER_NONNULL = YES;
				CLANG_ANALYZER_NUMBER_OBJECT_CONVERSION = YES_AGGRESSIVE;
				CLANG_CXX_LANGUAGE_STANDARD = "gnu++14";
				CLANG_CXX_LIBRARY = "libc++";
				CLANG_ENABLE_MODULES = YES;
				CLANG_ENABLE_OBJC_ARC = YES;
				CLANG_ENABLE_OBJC_WEAK = YES;
				CLANG_WARN_BLOCK_CAPTURE_AUTORELEASING = YES;
				CLANG_WARN_BOOL_CONVERSION = YES;
				CLANG_WARN_COMMA = YES;
				CLANG_WARN_CONSTANT_CONVERSION = YES;
				CLANG_WARN_DEPRECATED_OBJC_IMPLEMENTATIONS = YES;
				CLANG_WARN_DIRECT_OBJC_ISA_USAGE = YES_ERROR;
				CLANG_WARN_DOCUMENTATION_COMMENTS = YES;
				CLANG_WARN_EMPTY_BODY = YES;
				CLANG_WARN_ENUM_CONVERSION = YES;
				CLANG_WARN_INFINITE_RECURSION = YES;
				CLANG_WARN_INT_CONVERSION = YES;
				CLANG_WARN_NON_LITERAL_NULL_CONVERSION = YES;
				CLANG_WARN_OBJC_IMPLICIT_RETAIN_SELF = YES;
				CLANG_WARN_OBJC_LITERAL_CONVERSION = YES;
				CLANG_WARN_OBJC_ROOT_CLASS = YES_ERROR;
				CLANG_WARN_RANGE_LOOP_ANALYSIS = YES;
				CLANG_WARN_STRICT_PROTOTYPES = YES;
				CLANG_WARN_SUSPICIOUS_MOVE = YES;
				CLANG_WARN_UNGUARDED_AVAILABILITY = YES_AGGRESSIVE;
				CLANG_WARN_UNREACHABLE_CODE = YES;
				CLANG_WARN__DUPLICATE_METHOD_MATCH = YES;
				CODE_SIGN_IDENTITY = "iPhone Developer";
				COPY_PHASE_STRIP = NO;
				DEBUG_INFORMATION_FORMAT = dwarf;
				ENABLE_STRICT_OBJC_MSGSEND = YES;
				ENABLE_TESTABILITY = YES;
				GCC_C_LANGUAGE_STANDARD = gnu11;
				GCC_DYNAMIC_NO_PIC = NO;
				GCC_NO_COMMON_BLOCKS = YES;
				GCC_OPTIMIZATION_LEVEL = 0;
				GCC_PREPROCESSOR_DEFINITIONS = (
					"DEBUG=1",
					"$(inherited)",
				);
				GCC_WARN_64_TO_32_BIT_CONVERSION = YES;
				GCC_WARN_ABOUT_RETURN_TYPE = YES_ERROR;
				GCC_WARN_UNDECLARED_SELECTOR = YES;
				GCC_WARN_UNINITIALIZED_AUTOS = YES_AGGRESSIVE;
				GCC_WARN_UNUSED_FUNCTION = YES;
				GCC_WARN_UNUSED_VARIABLE = YES;
				IPHONEOS_DEPLOYMENT_TARGET = 12.1;
				MTL_ENABLE_DEBUG_INFO = INCLUDE_SOURCE;
				MTL_FAST_MATH = YES;
				ONLY_ACTIVE_ARCH = YES;
				SDKROOT = iphoneos;
				SWIFT_ACTIVE_COMPILATION_CONDITIONS = DEBUG;
				SWIFT_OPTIMIZATION_LEVEL = "-Onone";
			};
			name = Debug;
		};
		9766FB3A233CC969004DAA89 /* Release */ = {
			isa = XCBuildConfiguration;
			buildSettings = {
				ALWAYS_SEARCH_USER_PATHS = NO;
				CLANG_ANALYZER_NONNULL = YES;
				CLANG_ANALYZER_NUMBER_OBJECT_CONVERSION = YES_AGGRESSIVE;
				CLANG_CXX_LANGUAGE_STANDARD = "gnu++14";
				CLANG_CXX_LIBRARY = "libc++";
				CLANG_ENABLE_MODULES = YES;
				CLANG_ENABLE_OBJC_ARC = YES;
				CLANG_ENABLE_OBJC_WEAK = YES;
				CLANG_WARN_BLOCK_CAPTURE_AUTORELEASING = YES;
				CLANG_WARN_BOOL_CONVERSION = YES;
				CLANG_WARN_COMMA = YES;
				CLANG_WARN_CONSTANT_CONVERSION = YES;
				CLANG_WARN_DEPRECATED_OBJC_IMPLEMENTATIONS = YES;
				CLANG_WARN_DIRECT_OBJC_ISA_USAGE = YES_ERROR;
				CLANG_WARN_DOCUMENTATION_COMMENTS = YES;
				CLANG_WARN_EMPTY_BODY = YES;
				CLANG_WARN_ENUM_CONVERSION = YES;
				CLANG_WARN_INFINITE_RECURSION = YES;
				CLANG_WARN_INT_CONVERSION = YES;
				CLANG_WARN_NON_LITERAL_NULL_CONVERSION = YES;
				CLANG_WARN_OBJC_IMPLICIT_RETAIN_SELF = YES;
				CLANG_WARN_OBJC_LITERAL_CONVERSION = YES;
				CLANG_WARN_OBJC_ROOT_CLASS = YES_ERROR;
				CLANG_WARN_RANGE_LOOP_ANALYSIS = YES;
				CLANG_WARN_STRICT_PROTOTYPES = YES;
				CLANG_WARN_SUSPICIOUS_MOVE = YES;
				CLANG_WARN_UNGUARDED_AVAILABILITY = YES_AGGRESSIVE;
				CLANG_WARN_UNREACHABLE_CODE = YES;
				CLANG_WARN__DUPLICATE_METHOD_MATCH = YES;
				CODE_SIGN_IDENTITY = "iPhone Developer";
				COPY_PHASE_STRIP = NO;
				DEBUG_INFORMATION_FORMAT = "dwarf-with-dsym";
				ENABLE_NS_ASSERTIONS = NO;
				ENABLE_STRICT_OBJC_MSGSEND = YES;
				GCC_C_LANGUAGE_STANDARD = gnu11;
				GCC_NO_COMMON_BLOCKS = YES;
				GCC_WARN_64_TO_32_BIT_CONVERSION = YES;
				GCC_WARN_ABOUT_RETURN_TYPE = YES_ERROR;
				GCC_WARN_UNDECLARED_SELECTOR = YES;
				GCC_WARN_UNINITIALIZED_AUTOS = YES_AGGRESSIVE;
				GCC_WARN_UNUSED_FUNCTION = YES;
				GCC_WARN_UNUSED_VARIABLE = YES;
				IPHONEOS_DEPLOYMENT_TARGET = 12.1;
				MTL_ENABLE_DEBUG_INFO = NO;
				MTL_FAST_MATH = YES;
				SDKROOT = iphoneos;
				SWIFT_COMPILATION_MODE = wholemodule;
				SWIFT_OPTIMIZATION_LEVEL = "-O";
				VALIDATE_PRODUCT = YES;
			};
			name = Release;
		};
		9766FB3C233CC969004DAA89 /* Debug */ = {
			isa = XCBuildConfiguration;
			buildSettings = {
				ASSETCATALOG_COMPILER_APPICON_NAME = AppIcon;
				CODE_SIGN_STYLE = Automatic;
				INFOPLIST_FILE = MyUITableView/Info.plist;
				LD_RUNPATH_SEARCH_PATHS = (
					"$(inherited)",
					"@executable_path/Frameworks",
				);
				PRODUCT_BUNDLE_IDENTIFIER = com.ccb.MyUITableView;
				PRODUCT_NAME = "$(TARGET_NAME)";
				SWIFT_VERSION = 4.2;
				TARGETED_DEVICE_FAMILY = "1,2";
			};
			name = Debug;
		};
		9766FB3D233CC969004DAA89 /* Release */ = {
			isa = XCBuildConfiguration;
			buildSettings = {
				ASSETCATALOG_COMPILER_APPICON_NAME = AppIcon;
				CODE_SIGN_STYLE = Automatic;
				INFOPLIST_FILE = MyUITableView/Info.plist;
				LD_RUNPATH_SEARCH_PATHS = (
					"$(inherited)",
					"@executable_path/Frameworks",
				);
				PRODUCT_BUNDLE_IDENTIFIER = com.ccb.MyUITableView;
				PRODUCT_NAME = "$(TARGET_NAME)";
				SWIFT_VERSION = 4.2;
				TARGETED_DEVICE_FAMILY = "1,2";
			};
			name = Release;
		};
/* End XCBuildConfiguration section */

/* Begin XCConfigurationList section */
		9766FB24233CC968004DAA89 /* Build configuration list for PBXProject "MyUITableView" */ = {
			isa = XCConfigurationList;
			buildConfigurations = (
				9766FB39233CC969004DAA89 /* Debug */,
				9766FB3A233CC969004DAA89 /* Release */,
			);
			defaultConfigurationIsVisible = 0;
			defaultConfigurationName = Release;
		};
		9766FB3B233CC969004DAA89 /* Build configuration list for PBXNativeTarget "MyUITableView" */ = {
			isa = XCConfigurationList;
			buildConfigurations = (
				9766FB3C233CC969004DAA89 /* Debug */,
				9766FB3D233CC969004DAA89 /* Release */,
			);
			defaultConfigurationIsVisible = 0;
			defaultConfigurationName = Release;
		};
/* End XCConfigurationList section */
	};
	rootObject = 9766FB21233CC968004DAA89 /* Project object */;
}
